
Microsoft Visual Studio Solution File, Format Version 12.00
# Visual Studio Version 17
VisualStudioVersion = 17.13.35913.81
MinimumVisualStudioVersion = 10.0.40219.1
Project("{FAE04EC0-301F-11D3-BF4B-00C04F79EFBC}") = "Pharmacy-Platform", "Pharmacy-Platform\Pharmacy-Platform.csproj", "{A37F44DE-3E1D-42B9-A398-A95414B13E6B}"
EndProject
Project("{FAE04EC0-301F-11D3-BF4B-00C04F79EFBC}") = "DAL", "DAL\DAL.csproj", "{23317B4E-2431-42E0-84F2-89D4DE701161}"
EndProject
Project("{FAE04EC0-301F-11D3-BF4B-00C04F79EFBC}") = "BLL", "BLL\BLL.csproj", "{2DC2C937-5B53-416E-BB95-C19BF75F1815}"
EndProject
Global
	GlobalSection(SolutionConfigurationPlatforms) = preSolution
		Debug|Any CPU = Debug|Any CPU
		Release|Any CPU = Release|Any CPU
	EndGlobalSection
	GlobalSection(ProjectConfigurationPlatforms) = postSolution
		{A37F44DE-3E1D-42B9-A398-A95414B13E6B}.Debug|Any CPU.ActiveCfg = Debug|Any CPU
		{A37F44DE-3E1D-42B9-A398-A95414B13E6B}.Debug|Any CPU.Build.0 = Debug|Any CPU
		{A37F44DE-3E1D-42B9-A398-A95414B13E6B}.Release|Any CPU.ActiveCfg = Release|Any CPU
		{A37F44DE-3E1D-42B9-A398-A95414B13E6B}.Release|Any CPU.Build.0 = Release|Any CPU
		{23317B4E-2431-42E0-84F2-89D4DE701161}.Debug|Any CPU.ActiveCfg = Debug|Any CPU
		{23317B4E-2431-42E0-84F2-89D4DE701161}.Debug|Any CPU.Build.0 = Debug|Any CPU
		{23317B4E-2431-42E0-84F2-89D4DE701161}.Release|Any CPU.ActiveCfg = Release|Any CPU
		{23317B4E-2431-42E0-84F2-89D4DE701161}.Release|Any CPU.Build.0 = Release|Any CPU
		{2DC2C937-5B53-416E-BB95-C19BF75F1815}.Debug|Any CPU.ActiveCfg = Debug|Any CPU
		{2DC2C937-5B53-416E-BB95-C19BF75F1815}.Debug|Any CPU.Build.0 = Debug|Any CPU
		{2DC2C937-5B53-416E-BB95-C19BF75F1815}.Release|Any CPU.ActiveCfg = Release|Any CPU
		{2DC2C937-5B53-416E-BB95-C19BF75F1815}.Release|Any CPU.Build.0 = Release|Any CPU
	EndGlobalSection
	GlobalSection(SolutionProperties) = preSolution
		HideSolutionNode = FALSE
	EndGlobalSection
	GlobalSection(ExtensibilityGlobals) = postSolution
		SolutionGuid = {46BF23B9-7460-4FCF-A773-279DC72899ED}
	EndGlobalSection
EndGlobal
